// !$*UTF8*$!
{
	archiveVersion = 1;
	classes = {
	};
	objectVersion = 55;
	objects = {

/* Begin PBXBuildFile section */
		3807A39F2755626B006C8AB9 /* DemoRegistry.swift in Sources */ = {isa = PBXBuildFile; fileRef = 3807A39E2755626B006C8AB9 /* DemoRegistry.swift */; };
		3807A3A02755626B006C8AB9 /* DemoRegistry.swift in Sources */ = {isa = PBXBuildFile; fileRef = 3807A39E2755626B006C8AB9 /* DemoRegistry.swift */; };
		3807A3A22755958B006C8AB9 /* BallDemoControls.swift in Sources */ = {isa = PBXBuildFile; fileRef = 3807A3A12755958B006C8AB9 /* BallDemoControls.swift */; };
		3807A3A32755958B006C8AB9 /* BallDemoControls.swift in Sources */ = {isa = PBXBuildFile; fileRef = 3807A3A12755958B006C8AB9 /* BallDemoControls.swift */; };
		3807A3A82755961A006C8AB9 /* CubeDemoControls.swift in Sources */ = {isa = PBXBuildFile; fileRef = 3807A3A72755961A006C8AB9 /* CubeDemoControls.swift */; };
		3807A3A92755961A006C8AB9 /* CubeDemoControls.swift in Sources */ = {isa = PBXBuildFile; fileRef = 3807A3A72755961A006C8AB9 /* CubeDemoControls.swift */; };
		38187E76274D5E3D00244D04 /* GraphMetal_DemoApp.swift in Sources */ = {isa = PBXBuildFile; fileRef = 38187E66274D5E3C00244D04 /* GraphMetal_DemoApp.swift */; };
		38187E77274D5E3D00244D04 /* GraphMetal_DemoApp.swift in Sources */ = {isa = PBXBuildFile; fileRef = 38187E66274D5E3C00244D04 /* GraphMetal_DemoApp.swift */; };
		38187E78274D5E3D00244D04 /* ContentView.swift in Sources */ = {isa = PBXBuildFile; fileRef = 38187E67274D5E3C00244D04 /* ContentView.swift */; };
		38187E79274D5E3D00244D04 /* ContentView.swift in Sources */ = {isa = PBXBuildFile; fileRef = 38187E67274D5E3C00244D04 /* ContentView.swift */; };
		38187E7A274D5E3D00244D04 /* Assets.xcassets in Resources */ = {isa = PBXBuildFile; fileRef = 38187E68274D5E3D00244D04 /* Assets.xcassets */; };
		38187E7B274D5E3D00244D04 /* Assets.xcassets in Resources */ = {isa = PBXBuildFile; fileRef = 38187E68274D5E3D00244D04 /* Assets.xcassets */; };
		38187E8F274D5ED800244D04 /* GraphMetal in Frameworks */ = {isa = PBXBuildFile; productRef = 38187E8E274D5ED800244D04 /* GraphMetal */; };
		38187E91274D5ED800244D04 /* Shaders in Frameworks */ = {isa = PBXBuildFile; productRef = 38187E90274D5ED800244D04 /* Shaders */; };
		38187E94274D5EE900244D04 /* GraphMetal in Frameworks */ = {isa = PBXBuildFile; productRef = 38187E93274D5EE900244D04 /* GraphMetal */; };
		38187E96274D5EE900244D04 /* Shaders in Frameworks */ = {isa = PBXBuildFile; productRef = 38187E95274D5EE900244D04 /* Shaders */; };
		38187E9C274D5F1F00244D04 /* BallDemo.swift in Sources */ = {isa = PBXBuildFile; fileRef = 38187E99274D5F1F00244D04 /* BallDemo.swift */; };
		38187E9D274D5F1F00244D04 /* BallDemo.swift in Sources */ = {isa = PBXBuildFile; fileRef = 38187E99274D5F1F00244D04 /* BallDemo.swift */; };
		3832225827565AAE00B91665 /* DisplayState.swift in Sources */ = {isa = PBXBuildFile; fileRef = 3832225727565AAE00B91665 /* DisplayState.swift */; };
		3832225927565AAF00B91665 /* DisplayState.swift in Sources */ = {isa = PBXBuildFile; fileRef = 3832225727565AAE00B91665 /* DisplayState.swift */; };
		3832225B2756724D00B91665 /* UIStyle.swift in Sources */ = {isa = PBXBuildFile; fileRef = 3832225A2756724D00B91665 /* UIStyle.swift */; };
		3832225C2756724D00B91665 /* UIStyle.swift in Sources */ = {isa = PBXBuildFile; fileRef = 3832225A2756724D00B91665 /* UIStyle.swift */; };
		3850A78E27673303004452C6 /* CubeBuilder.swift in Sources */ = {isa = PBXBuildFile; fileRef = 3850A78D27673303004452C6 /* CubeBuilder.swift */; };
		3850A78F27673303004452C6 /* CubeBuilder.swift in Sources */ = {isa = PBXBuildFile; fileRef = 3850A78D27673303004452C6 /* CubeBuilder.swift */; };
		3850A7992767400B004452C6 /* AppearanceDemo.swift in Sources */ = {isa = PBXBuildFile; fileRef = 3850A7982767400B004452C6 /* AppearanceDemo.swift */; };
		3850A79A2767400B004452C6 /* AppearanceDemo.swift in Sources */ = {isa = PBXBuildFile; fileRef = 3850A7982767400B004452C6 /* AppearanceDemo.swift */; };
		3850A79C2767401C004452C6 /* AppearanceDemoControls.swift in Sources */ = {isa = PBXBuildFile; fileRef = 3850A79B2767401C004452C6 /* AppearanceDemoControls.swift */; };
		3850A79D2767401C004452C6 /* AppearanceDemoControls.swift in Sources */ = {isa = PBXBuildFile; fileRef = 3850A79B2767401C004452C6 /* AppearanceDemoControls.swift */; };
		3850A79F27674097004452C6 /* AppearanceDemoFigure.swift in Sources */ = {isa = PBXBuildFile; fileRef = 3850A79E27674097004452C6 /* AppearanceDemoFigure.swift */; };
		3850A7A027674097004452C6 /* AppearanceDemoFigure.swift in Sources */ = {isa = PBXBuildFile; fileRef = 3850A79E27674097004452C6 /* AppearanceDemoFigure.swift */; };
		3850A7A2276771F1004452C6 /* WireframeDemoGraph.swift in Sources */ = {isa = PBXBuildFile; fileRef = 3850A7A1276771F1004452C6 /* WireframeDemoGraph.swift */; };
		3850A7A3276771F1004452C6 /* WireframeDemoGraph.swift in Sources */ = {isa = PBXBuildFile; fileRef = 3850A7A1276771F1004452C6 /* WireframeDemoGraph.swift */; };
		385550962767BF4F0041104B /* CubeDemoGraph.swift in Sources */ = {isa = PBXBuildFile; fileRef = 385550952767BF4F0041104B /* CubeDemoGraph.swift */; };
		385550972767BF4F0041104B /* CubeDemoGraph.swift in Sources */ = {isa = PBXBuildFile; fileRef = 385550952767BF4F0041104B /* CubeDemoGraph.swift */; };
		385550992767C17D0041104B /* CubeDemoFigure.swift in Sources */ = {isa = PBXBuildFile; fileRef = 385550982767C17D0041104B /* CubeDemoFigure.swift */; };
		3855509A2767C17D0041104B /* CubeDemoFigure.swift in Sources */ = {isa = PBXBuildFile; fileRef = 385550982767C17D0041104B /* CubeDemoFigure.swift */; };
		385550A22767E9970041104B /* BallDemoGraph.swift in Sources */ = {isa = PBXBuildFile; fileRef = 385550A12767E9970041104B /* BallDemoGraph.swift */; };
		385550A32767E9970041104B /* BallDemoGraph.swift in Sources */ = {isa = PBXBuildFile; fileRef = 385550A12767E9970041104B /* BallDemoGraph.swift */; };
		385550A52767EA410041104B /* BallDemoFigure.swift in Sources */ = {isa = PBXBuildFile; fileRef = 385550A42767EA410041104B /* BallDemoFigure.swift */; };
		385550A62767EA410041104B /* BallDemoFigure.swift in Sources */ = {isa = PBXBuildFile; fileRef = 385550A42767EA410041104B /* BallDemoFigure.swift */; };
		38F29D18274D69A60045B74F /* CubeDemo.swift in Sources */ = {isa = PBXBuildFile; fileRef = 38F29D17274D69A60045B74F /* CubeDemo.swift */; };
		38F29D1C274D6A8B0045B74F /* CubeDemo.swift in Sources */ = {isa = PBXBuildFile; fileRef = 38F29D17274D69A60045B74F /* CubeDemo.swift */; };
/* End PBXBuildFile section */

/* Begin PBXFileReference section */
		3807A39E2755626B006C8AB9 /* DemoRegistry.swift */ = {isa = PBXFileReference; lastKnownFileType = sourcecode.swift; path = DemoRegistry.swift; sourceTree = "<group>"; };
		3807A3A12755958B006C8AB9 /* BallDemoControls.swift */ = {isa = PBXFileReference; lastKnownFileType = sourcecode.swift; path = BallDemoControls.swift; sourceTree = "<group>"; };
		3807A3A72755961A006C8AB9 /* CubeDemoControls.swift */ = {isa = PBXFileReference; lastKnownFileType = sourcecode.swift; path = CubeDemoControls.swift; sourceTree = "<group>"; };
		38187E66274D5E3C00244D04 /* GraphMetal_DemoApp.swift */ = {isa = PBXFileReference; lastKnownFileType = sourcecode.swift; path = GraphMetal_DemoApp.swift; sourceTree = "<group>"; };
		38187E67274D5E3C00244D04 /* ContentView.swift */ = {isa = PBXFileReference; lastKnownFileType = sourcecode.swift; path = ContentView.swift; sourceTree = "<group>"; };
		38187E68274D5E3D00244D04 /* Assets.xcassets */ = {isa = PBXFileReference; lastKnownFileType = folder.assetcatalog; path = Assets.xcassets; sourceTree = "<group>"; };
		38187E6D274D5E3D00244D04 /* GraphMetal-Demo.app */ = {isa = PBXFileReference; explicitFileType = wrapper.application; includeInIndex = 0; path = "GraphMetal-Demo.app"; sourceTree = BUILT_PRODUCTS_DIR; };
		38187E73274D5E3D00244D04 /* GraphMetal-Demo.app */ = {isa = PBXFileReference; explicitFileType = wrapper.application; includeInIndex = 0; path = "GraphMetal-Demo.app"; sourceTree = BUILT_PRODUCTS_DIR; };
		38187E75274D5E3D00244D04 /* macOS.entitlements */ = {isa = PBXFileReference; lastKnownFileType = text.plist.entitlements; path = macOS.entitlements; sourceTree = "<group>"; };
		38187E99274D5F1F00244D04 /* BallDemo.swift */ = {isa = PBXFileReference; fileEncoding = 4; lastKnownFileType = sourcecode.swift; path = BallDemo.swift; sourceTree = "<group>"; };
		3832225727565AAE00B91665 /* DisplayState.swift */ = {isa = PBXFileReference; lastKnownFileType = sourcecode.swift; path = DisplayState.swift; sourceTree = "<group>"; };
		3832225A2756724D00B91665 /* UIStyle.swift */ = {isa = PBXFileReference; lastKnownFileType = sourcecode.swift; path = UIStyle.swift; sourceTree = "<group>"; };
		38404C3C275EAC3800A7486A /* iOS.entitlements */ = {isa = PBXFileReference; lastKnownFileType = text.plist.entitlements; path = iOS.entitlements; sourceTree = "<group>"; };
		3850A78D27673303004452C6 /* CubeBuilder.swift */ = {isa = PBXFileReference; lastKnownFileType = sourcecode.swift; path = CubeBuilder.swift; sourceTree = "<group>"; };
		3850A7982767400B004452C6 /* AppearanceDemo.swift */ = {isa = PBXFileReference; lastKnownFileType = sourcecode.swift; path = AppearanceDemo.swift; sourceTree = "<group>"; };
		3850A79B2767401C004452C6 /* AppearanceDemoControls.swift */ = {isa = PBXFileReference; lastKnownFileType = sourcecode.swift; path = AppearanceDemoControls.swift; sourceTree = "<group>"; };
		3850A79E27674097004452C6 /* AppearanceDemoFigure.swift */ = {isa = PBXFileReference; lastKnownFileType = sourcecode.swift; path = AppearanceDemoFigure.swift; sourceTree = "<group>"; };
		3850A7A1276771F1004452C6 /* WireframeDemoGraph.swift */ = {isa = PBXFileReference; lastKnownFileType = sourcecode.swift; path = WireframeDemoGraph.swift; sourceTree = "<group>"; };
		385550952767BF4F0041104B /* CubeDemoGraph.swift */ = {isa = PBXFileReference; lastKnownFileType = sourcecode.swift; path = CubeDemoGraph.swift; sourceTree = "<group>"; };
		385550982767C17D0041104B /* CubeDemoFigure.swift */ = {isa = PBXFileReference; lastKnownFileType = sourcecode.swift; path = CubeDemoFigure.swift; sourceTree = "<group>"; };
		385550A12767E9970041104B /* BallDemoGraph.swift */ = {isa = PBXFileReference; lastKnownFileType = sourcecode.swift; path = BallDemoGraph.swift; sourceTree = "<group>"; };
		385550A42767EA410041104B /* BallDemoFigure.swift */ = {isa = PBXFileReference; lastKnownFileType = sourcecode.swift; path = BallDemoFigure.swift; sourceTree = "<group>"; };
		38B1AAD4274E7C8800D29C5A /* LICENSE */ = {isa = PBXFileReference; fileEncoding = 4; lastKnownFileType = text; path = LICENSE; sourceTree = "<group>"; };
		38B1AAD9274E7C9B00D29C5A /* README.md */ = {isa = PBXFileReference; fileEncoding = 4; lastKnownFileType = net.daringfireball.markdown; path = README.md; sourceTree = "<group>"; };
		38F29D17274D69A60045B74F /* CubeDemo.swift */ = {isa = PBXFileReference; lastKnownFileType = sourcecode.swift; path = CubeDemo.swift; sourceTree = "<group>"; };
/* End PBXFileReference section */

/* Begin PBXFrameworksBuildPhase section */
		38187E6A274D5E3D00244D04 /* Frameworks */ = {
			isa = PBXFrameworksBuildPhase;
			buildActionMask = 2147483647;
			files = (
				38187E8F274D5ED800244D04 /* GraphMetal in Frameworks */,
				38187E91274D5ED800244D04 /* Shaders in Frameworks */,
			);
			runOnlyForDeploymentPostprocessing = 0;
		};
		38187E70274D5E3D00244D04 /* Frameworks */ = {
			isa = PBXFrameworksBuildPhase;
			buildActionMask = 2147483647;
			files = (
				38187E94274D5EE900244D04 /* GraphMetal in Frameworks */,
				38187E96274D5EE900244D04 /* Shaders in Frameworks */,
			);
			runOnlyForDeploymentPostprocessing = 0;
		};
/* End PBXFrameworksBuildPhase section */

/* Begin PBXGroup section */
		38187E60274D5E3B00244D04 = {
			isa = PBXGroup;
			children = (
				38B1AAD9274E7C9B00D29C5A /* README.md */,
				38187E65274D5E3C00244D04 /* Shared */,
				38B1AAD4274E7C8800D29C5A /* LICENSE */,
				38187E92274D5EE900244D04 /* Frameworks */,
				3858DC48275FAC8000C2D31E /* iOS */,
				38187E74274D5E3D00244D04 /* macOS */,
				38187E6E274D5E3D00244D04 /* Products */,
			);
			sourceTree = "<group>";
		};
		38187E65274D5E3C00244D04 /* Shared */ = {
			isa = PBXGroup;
			children = (
				38187E67274D5E3C00244D04 /* ContentView.swift */,
				3850A78D27673303004452C6 /* CubeBuilder.swift */,
				3807A39E2755626B006C8AB9 /* DemoRegistry.swift */,
				3832225727565AAE00B91665 /* DisplayState.swift */,
				38187E66274D5E3C00244D04 /* GraphMetal_DemoApp.swift */,
				3832225A2756724D00B91665 /* UIStyle.swift */,
				38187E68274D5E3D00244D04 /* Assets.xcassets */,
				38187E97274D5EF400244D04 /* Ball */,
				38187E98274D5EFC00244D04 /* Cube */,
				3850A79727673FC4004452C6 /* Appearance */,
			);
			path = Shared;
			sourceTree = "<group>";
		};
		38187E6E274D5E3D00244D04 /* Products */ = {
			isa = PBXGroup;
			children = (
				38187E6D274D5E3D00244D04 /* GraphMetal-Demo.app */,
				38187E73274D5E3D00244D04 /* GraphMetal-Demo.app */,
			);
			name = Products;
			sourceTree = "<group>";
		};
		38187E74274D5E3D00244D04 /* macOS */ = {
			isa = PBXGroup;
			children = (
				38187E75274D5E3D00244D04 /* macOS.entitlements */,
			);
			path = macOS;
			sourceTree = "<group>";
		};
		38187E92274D5EE900244D04 /* Frameworks */ = {
			isa = PBXGroup;
			children = (
			);
			name = Frameworks;
			sourceTree = "<group>";
		};
		38187E97274D5EF400244D04 /* Ball */ = {
			isa = PBXGroup;
			children = (
				38187E99274D5F1F00244D04 /* BallDemo.swift */,
				3807A3A12755958B006C8AB9 /* BallDemoControls.swift */,
				385550A12767E9970041104B /* BallDemoGraph.swift */,
				385550A42767EA410041104B /* BallDemoFigure.swift */,
			);
			path = Ball;
			sourceTree = "<group>";
		};
		38187E98274D5EFC00244D04 /* Cube */ = {
			isa = PBXGroup;
			children = (
				38F29D17274D69A60045B74F /* CubeDemo.swift */,
				3807A3A72755961A006C8AB9 /* CubeDemoControls.swift */,
				385550952767BF4F0041104B /* CubeDemoGraph.swift */,
				385550982767C17D0041104B /* CubeDemoFigure.swift */,
			);
			path = Cube;
			sourceTree = "<group>";
		};
		3850A79727673FC4004452C6 /* Appearance */ = {
			isa = PBXGroup;
			children = (
				3850A7982767400B004452C6 /* AppearanceDemo.swift */,
				3850A79B2767401C004452C6 /* AppearanceDemoControls.swift */,
				3850A79E27674097004452C6 /* AppearanceDemoFigure.swift */,
				3850A7A1276771F1004452C6 /* WireframeDemoGraph.swift */,
			);
			path = Appearance;
			sourceTree = "<group>";
		};
		3858DC48275FAC8000C2D31E /* iOS */ = {
			isa = PBXGroup;
			children = (
				38404C3C275EAC3800A7486A /* iOS.entitlements */,
			);
			path = iOS;
			sourceTree = "<group>";
		};
/* End PBXGroup section */

/* Begin PBXNativeTarget section */
		38187E6C274D5E3D00244D04 /* GraphMetal-Demo (iOS) */ = {
			isa = PBXNativeTarget;
			buildConfigurationList = 38187E7E274D5E3D00244D04 /* Build configuration list for PBXNativeTarget "GraphMetal-Demo (iOS)" */;
			buildPhases = (
				38187E69274D5E3D00244D04 /* Sources */,
				38187E6A274D5E3D00244D04 /* Frameworks */,
				38187E6B274D5E3D00244D04 /* Resources */,
			);
			buildRules = (
			);
			dependencies = (
			);
			name = "GraphMetal-Demo (iOS)";
			packageProductDependencies = (
				38187E8E274D5ED800244D04 /* GraphMetal */,
				38187E90274D5ED800244D04 /* Shaders */,
			);
			productName = "GraphMetal-Demo (iOS)";
			productReference = 38187E6D274D5E3D00244D04 /* GraphMetal-Demo.app */;
			productType = "com.apple.product-type.application";
		};
		38187E72274D5E3D00244D04 /* GraphMetal-Demo (macOS) */ = {
			isa = PBXNativeTarget;
			buildConfigurationList = 38187E81274D5E3D00244D04 /* Build configuration list for PBXNativeTarget "GraphMetal-Demo (macOS)" */;
			buildPhases = (
				38187E6F274D5E3D00244D04 /* Sources */,
				38187E70274D5E3D00244D04 /* Frameworks */,
				38187E71274D5E3D00244D04 /* Resources */,
			);
			buildRules = (
			);
			dependencies = (
			);
			name = "GraphMetal-Demo (macOS)";
			packageProductDependencies = (
				38187E93274D5EE900244D04 /* GraphMetal */,
				38187E95274D5EE900244D04 /* Shaders */,
			);
			productName = "GraphMetal-Demo (macOS)";
			productReference = 38187E73274D5E3D00244D04 /* GraphMetal-Demo.app */;
			productType = "com.apple.product-type.application";
		};
/* End PBXNativeTarget section */

/* Begin PBXProject section */
		38187E61274D5E3B00244D04 /* Project object */ = {
			isa = PBXProject;
			attributes = {
				BuildIndependentTargetsInParallel = 1;
				LastSwiftUpdateCheck = 1310;
				LastUpgradeCheck = 1310;
				TargetAttributes = {
					38187E6C274D5E3D00244D04 = {
						CreatedOnToolsVersion = 13.1;
					};
					38187E72274D5E3D00244D04 = {
						CreatedOnToolsVersion = 13.1;
					};
				};
			};
			buildConfigurationList = 38187E64274D5E3B00244D04 /* Build configuration list for PBXProject "GraphMetal-Demo" */;
			compatibilityVersion = "Xcode 13.0";
			developmentRegion = en;
			hasScannedForEncodings = 0;
			knownRegions = (
				en,
				Base,
			);
			mainGroup = 38187E60274D5E3B00244D04;
			packageReferences = (
				38187E8D274D5ED800244D04 /* XCRemoteSwiftPackageReference "GraphMetal" */,
			);
			productRefGroup = 38187E6E274D5E3D00244D04 /* Products */;
			projectDirPath = "";
			projectRoot = "";
			targets = (
				38187E6C274D5E3D00244D04 /* GraphMetal-Demo (iOS) */,
				38187E72274D5E3D00244D04 /* GraphMetal-Demo (macOS) */,
			);
		};
/* End PBXProject section */

/* Begin PBXResourcesBuildPhase section */
		38187E6B274D5E3D00244D04 /* Resources */ = {
			isa = PBXResourcesBuildPhase;
			buildActionMask = 2147483647;
			files = (
				38187E7A274D5E3D00244D04 /* Assets.xcassets in Resources */,
			);
			runOnlyForDeploymentPostprocessing = 0;
		};
		38187E71274D5E3D00244D04 /* Resources */ = {
			isa = PBXResourcesBuildPhase;
			buildActionMask = 2147483647;
			files = (
				38187E7B274D5E3D00244D04 /* Assets.xcassets in Resources */,
			);
			runOnlyForDeploymentPostprocessing = 0;
		};
/* End PBXResourcesBuildPhase section */

/* Begin PBXSourcesBuildPhase section */
		38187E69274D5E3D00244D04 /* Sources */ = {
			isa = PBXSourcesBuildPhase;
			buildActionMask = 2147483647;
			files = (
				38187E78274D5E3D00244D04 /* ContentView.swift in Sources */,
				3850A79C2767401C004452C6 /* AppearanceDemoControls.swift in Sources */,
				3832225827565AAE00B91665 /* DisplayState.swift in Sources */,
				3807A3A82755961A006C8AB9 /* CubeDemoControls.swift in Sources */,
				385550992767C17D0041104B /* CubeDemoFigure.swift in Sources */,
				3850A79F27674097004452C6 /* AppearanceDemoFigure.swift in Sources */,
				38F29D18274D69A60045B74F /* CubeDemo.swift in Sources */,
				385550A52767EA410041104B /* BallDemoFigure.swift in Sources */,
				3807A3A22755958B006C8AB9 /* BallDemoControls.swift in Sources */,
				38187E76274D5E3D00244D04 /* GraphMetal_DemoApp.swift in Sources */,
				3850A78E27673303004452C6 /* CubeBuilder.swift in Sources */,
				3832225B2756724D00B91665 /* UIStyle.swift in Sources */,
				385550A22767E9970041104B /* BallDemoGraph.swift in Sources */,
				3850A7A2276771F1004452C6 /* WireframeDemoGraph.swift in Sources */,
				3807A39F2755626B006C8AB9 /* DemoRegistry.swift in Sources */,
				38187E9C274D5F1F00244D04 /* BallDemo.swift in Sources */,
				3850A7992767400B004452C6 /* AppearanceDemo.swift in Sources */,
				385550962767BF4F0041104B /* CubeDemoGraph.swift in Sources */,
			);
			runOnlyForDeploymentPostprocessing = 0;
		};
		38187E6F274D5E3D00244D04 /* Sources */ = {
			isa = PBXSourcesBuildPhase;
			buildActionMask = 2147483647;
			files = (
				38187E79274D5E3D00244D04 /* ContentView.swift in Sources */,
				3850A79D2767401C004452C6 /* AppearanceDemoControls.swift in Sources */,
				3832225927565AAF00B91665 /* DisplayState.swift in Sources */,
				3807A3A92755961A006C8AB9 /* CubeDemoControls.swift in Sources */,
				3855509A2767C17D0041104B /* CubeDemoFigure.swift in Sources */,
				3850A7A027674097004452C6 /* AppearanceDemoFigure.swift in Sources */,
				38187E77274D5E3D00244D04 /* GraphMetal_DemoApp.swift in Sources */,
				385550A62767EA410041104B /* BallDemoFigure.swift in Sources */,
				3807A3A32755958B006C8AB9 /* BallDemoControls.swift in Sources */,
				38187E9D274D5F1F00244D04 /* BallDemo.swift in Sources */,
				3850A78F27673303004452C6 /* CubeBuilder.swift in Sources */,
				3832225C2756724D00B91665 /* UIStyle.swift in Sources */,
				385550A32767E9970041104B /* BallDemoGraph.swift in Sources */,
				3850A7A3276771F1004452C6 /* WireframeDemoGraph.swift in Sources */,
				3807A3A02755626B006C8AB9 /* DemoRegistry.swift in Sources */,
				38F29D1C274D6A8B0045B74F /* CubeDemo.swift in Sources */,
				3850A79A2767400B004452C6 /* AppearanceDemo.swift in Sources */,
				385550972767BF4F0041104B /* CubeDemoGraph.swift in Sources */,
			);
			runOnlyForDeploymentPostprocessing = 0;
		};
/* End PBXSourcesBuildPhase section */

/* Begin XCBuildConfiguration section */
		38187E7C274D5E3D00244D04 /* Debug */ = {
			isa = XCBuildConfiguration;
			buildSettings = {
				ALWAYS_SEARCH_USER_PATHS = NO;
				CLANG_ANALYZER_NONNULL = YES;
				CLANG_ANALYZER_NUMBER_OBJECT_CONVERSION = YES_AGGRESSIVE;
				CLANG_CXX_LANGUAGE_STANDARD = "gnu++17";
				CLANG_CXX_LIBRARY = "libc++";
				CLANG_ENABLE_MODULES = YES;
				CLANG_ENABLE_OBJC_ARC = YES;
				CLANG_ENABLE_OBJC_WEAK = YES;
				CLANG_WARN_BLOCK_CAPTURE_AUTORELEASING = YES;
				CLANG_WARN_BOOL_CONVERSION = YES;
				CLANG_WARN_COMMA = YES;
				CLANG_WARN_CONSTANT_CONVERSION = YES;
				CLANG_WARN_DEPRECATED_OBJC_IMPLEMENTATIONS = YES;
				CLANG_WARN_DIRECT_OBJC_ISA_USAGE = YES_ERROR;
				CLANG_WARN_DOCUMENTATION_COMMENTS = YES;
				CLANG_WARN_EMPTY_BODY = YES;
				CLANG_WARN_ENUM_CONVERSION = YES;
				CLANG_WARN_INFINITE_RECURSION = YES;
				CLANG_WARN_INT_CONVERSION = YES;
				CLANG_WARN_NON_LITERAL_NULL_CONVERSION = YES;
				CLANG_WARN_OBJC_IMPLICIT_RETAIN_SELF = YES;
				CLANG_WARN_OBJC_LITERAL_CONVERSION = YES;
				CLANG_WARN_OBJC_ROOT_CLASS = YES_ERROR;
				CLANG_WARN_QUOTED_INCLUDE_IN_FRAMEWORK_HEADER = YES;
				CLANG_WARN_RANGE_LOOP_ANALYSIS = YES;
				CLANG_WARN_STRICT_PROTOTYPES = YES;
				CLANG_WARN_SUSPICIOUS_MOVE = YES;
				CLANG_WARN_UNGUARDED_AVAILABILITY = YES_AGGRESSIVE;
				CLANG_WARN_UNREACHABLE_CODE = YES;
				CLANG_WARN__DUPLICATE_METHOD_MATCH = YES;
				COPY_PHASE_STRIP = NO;
				DEBUG_INFORMATION_FORMAT = dwarf;
				ENABLE_STRICT_OBJC_MSGSEND = YES;
				ENABLE_TESTABILITY = YES;
				GCC_C_LANGUAGE_STANDARD = gnu11;
				GCC_DYNAMIC_NO_PIC = NO;
				GCC_NO_COMMON_BLOCKS = YES;
				GCC_OPTIMIZATION_LEVEL = 0;
				GCC_PREPROCESSOR_DEFINITIONS = (
					"DEBUG=1",
					"$(inherited)",
				);
				GCC_WARN_64_TO_32_BIT_CONVERSION = YES;
				GCC_WARN_ABOUT_RETURN_TYPE = YES_ERROR;
				GCC_WARN_UNDECLARED_SELECTOR = YES;
				GCC_WARN_UNINITIALIZED_AUTOS = YES_AGGRESSIVE;
				GCC_WARN_UNUSED_FUNCTION = YES;
				GCC_WARN_UNUSED_VARIABLE = YES;
				MTL_ENABLE_DEBUG_INFO = INCLUDE_SOURCE;
				MTL_FAST_MATH = YES;
				ONLY_ACTIVE_ARCH = YES;
				SWIFT_ACTIVE_COMPILATION_CONDITIONS = DEBUG;
				SWIFT_OPTIMIZATION_LEVEL = "-Onone";
			};
			name = Debug;
		};
		38187E7D274D5E3D00244D04 /* Release */ = {
			isa = XCBuildConfiguration;
			buildSettings = {
				ALWAYS_SEARCH_USER_PATHS = NO;
				CLANG_ANALYZER_NONNULL = YES;
				CLANG_ANALYZER_NUMBER_OBJECT_CONVERSION = YES_AGGRESSIVE;
				CLANG_CXX_LANGUAGE_STANDARD = "gnu++17";
				CLANG_CXX_LIBRARY = "libc++";
				CLANG_ENABLE_MODULES = YES;
				CLANG_ENABLE_OBJC_ARC = YES;
				CLANG_ENABLE_OBJC_WEAK = YES;
				CLANG_WARN_BLOCK_CAPTURE_AUTORELEASING = YES;
				CLANG_WARN_BOOL_CONVERSION = YES;
				CLANG_WARN_COMMA = YES;
				CLANG_WARN_CONSTANT_CONVERSION = YES;
				CLANG_WARN_DEPRECATED_OBJC_IMPLEMENTATIONS = YES;
				CLANG_WARN_DIRECT_OBJC_ISA_USAGE = YES_ERROR;
				CLANG_WARN_DOCUMENTATION_COMMENTS = YES;
				CLANG_WARN_EMPTY_BODY = YES;
				CLANG_WARN_ENUM_CONVERSION = YES;
				CLANG_WARN_INFINITE_RECURSION = YES;
				CLANG_WARN_INT_CONVERSION = YES;
				CLANG_WARN_NON_LITERAL_NULL_CONVERSION = YES;
				CLANG_WARN_OBJC_IMPLICIT_RETAIN_SELF = YES;
				CLANG_WARN_OBJC_LITERAL_CONVERSION = YES;
				CLANG_WARN_OBJC_ROOT_CLASS = YES_ERROR;
				CLANG_WARN_QUOTED_INCLUDE_IN_FRAMEWORK_HEADER = YES;
				CLANG_WARN_RANGE_LOOP_ANALYSIS = YES;
				CLANG_WARN_STRICT_PROTOTYPES = YES;
				CLANG_WARN_SUSPICIOUS_MOVE = YES;
				CLANG_WARN_UNGUARDED_AVAILABILITY = YES_AGGRESSIVE;
				CLANG_WARN_UNREACHABLE_CODE = YES;
				CLANG_WARN__DUPLICATE_METHOD_MATCH = YES;
				COPY_PHASE_STRIP = NO;
				DEBUG_INFORMATION_FORMAT = "dwarf-with-dsym";
				ENABLE_NS_ASSERTIONS = NO;
				ENABLE_STRICT_OBJC_MSGSEND = YES;
				GCC_C_LANGUAGE_STANDARD = gnu11;
				GCC_NO_COMMON_BLOCKS = YES;
				GCC_WARN_64_TO_32_BIT_CONVERSION = YES;
				GCC_WARN_ABOUT_RETURN_TYPE = YES_ERROR;
				GCC_WARN_UNDECLARED_SELECTOR = YES;
				GCC_WARN_UNINITIALIZED_AUTOS = YES_AGGRESSIVE;
				GCC_WARN_UNUSED_FUNCTION = YES;
				GCC_WARN_UNUSED_VARIABLE = YES;
				MTL_ENABLE_DEBUG_INFO = NO;
				MTL_FAST_MATH = YES;
				SWIFT_COMPILATION_MODE = wholemodule;
				SWIFT_OPTIMIZATION_LEVEL = "-O";
			};
			name = Release;
		};
		38187E7F274D5E3D00244D04 /* Debug */ = {
			isa = XCBuildConfiguration;
			buildSettings = {
				ASSETCATALOG_COMPILER_APPICON_NAME = AppIcon;
				ASSETCATALOG_COMPILER_GLOBAL_ACCENT_COLOR_NAME = AccentColor;
				CODE_SIGN_ENTITLEMENTS = iOS/iOS.entitlements;
				CODE_SIGN_STYLE = Automatic;
				CURRENT_PROJECT_VERSION = 1;
				DEVELOPMENT_TEAM = VV92S3CB9G;
				ENABLE_PREVIEWS = YES;
				GENERATE_INFOPLIST_FILE = YES;
				INFOPLIST_KEY_UIApplicationSceneManifest_Generation = YES;
				INFOPLIST_KEY_UIApplicationSupportsIndirectInputEvents = YES;
				INFOPLIST_KEY_UILaunchScreen_Generation = YES;
				INFOPLIST_KEY_UISupportedInterfaceOrientations_iPad = "UIInterfaceOrientationPortraitUpsideDown UIInterfaceOrientationLandscapeLeft UIInterfaceOrientationLandscapeRight UIInterfaceOrientationPortrait";
				INFOPLIST_KEY_UISupportedInterfaceOrientations_iPhone = "UIInterfaceOrientationPortrait UIInterfaceOrientationLandscapeLeft UIInterfaceOrientationLandscapeRight";
				IPHONEOS_DEPLOYMENT_TARGET = 15.0;
				LD_RUNPATH_SEARCH_PATHS = (
					"$(inherited)",
					"@executable_path/Frameworks",
				);
				MARKETING_VERSION = 1.0;
				PRODUCT_BUNDLE_IDENTIFIER = "com.jehanson.GraphMetal-Demo";
				PRODUCT_NAME = "GraphMetal-Demo";
				SDKROOT = iphoneos;
				SUPPORTS_MACCATALYST = YES;
				SWIFT_EMIT_LOC_STRINGS = YES;
				SWIFT_VERSION = 5.0;
				TARGETED_DEVICE_FAMILY = "1,2,6";
			};
			name = Debug;
		};
		38187E80274D5E3D00244D04 /* Release */ = {
			isa = XCBuildConfiguration;
			buildSettings = {
				ASSETCATALOG_COMPILER_APPICON_NAME = AppIcon;
				ASSETCATALOG_COMPILER_GLOBAL_ACCENT_COLOR_NAME = AccentColor;
				CODE_SIGN_ENTITLEMENTS = iOS/iOS.entitlements;
				CODE_SIGN_STYLE = Automatic;
				CURRENT_PROJECT_VERSION = 1;
				DEVELOPMENT_TEAM = VV92S3CB9G;
				ENABLE_PREVIEWS = YES;
				GENERATE_INFOPLIST_FILE = YES;
				INFOPLIST_KEY_UIApplicationSceneManifest_Generation = YES;
				INFOPLIST_KEY_UIApplicationSupportsIndirectInputEvents = YES;
				INFOPLIST_KEY_UILaunchScreen_Generation = YES;
				INFOPLIST_KEY_UISupportedInterfaceOrientations_iPad = "UIInterfaceOrientationPortraitUpsideDown UIInterfaceOrientationLandscapeLeft UIInterfaceOrientationLandscapeRight UIInterfaceOrientationPortrait";
				INFOPLIST_KEY_UISupportedInterfaceOrientations_iPhone = "UIInterfaceOrientationPortrait UIInterfaceOrientationLandscapeLeft UIInterfaceOrientationLandscapeRight";
				IPHONEOS_DEPLOYMENT_TARGET = 15.0;
				LD_RUNPATH_SEARCH_PATHS = (
					"$(inherited)",
					"@executable_path/Frameworks",
				);
				MARKETING_VERSION = 1.0;
				PRODUCT_BUNDLE_IDENTIFIER = "com.jehanson.GraphMetal-Demo";
				PRODUCT_NAME = "GraphMetal-Demo";
				SDKROOT = iphoneos;
				SUPPORTS_MACCATALYST = YES;
				SWIFT_EMIT_LOC_STRINGS = YES;
				SWIFT_VERSION = 5.0;
				TARGETED_DEVICE_FAMILY = "1,2,6";
				VALIDATE_PRODUCT = YES;
			};
			name = Release;
		};
		38187E82274D5E3D00244D04 /* Debug */ = {
			isa = XCBuildConfiguration;
			buildSettings = {
				ASSETCATALOG_COMPILER_APPICON_NAME = AppIcon;
				ASSETCATALOG_COMPILER_GLOBAL_ACCENT_COLOR_NAME = AccentColor;
				CODE_SIGN_ENTITLEMENTS = macOS/macOS.entitlements;
				CODE_SIGN_STYLE = Automatic;
				COMBINE_HIDPI_IMAGES = YES;
				CURRENT_PROJECT_VERSION = 1;
				DEVELOPMENT_TEAM = VV92S3CB9G;
				ENABLE_HARDENED_RUNTIME = YES;
				ENABLE_PREVIEWS = YES;
				GENERATE_INFOPLIST_FILE = YES;
				INFOPLIST_KEY_NSHumanReadableCopyright = "";
				LD_RUNPATH_SEARCH_PATHS = (
					"$(inherited)",
					"@executable_path/../Frameworks",
				);
				MACOSX_DEPLOYMENT_TARGET = 11.5;
				MARKETING_VERSION = 1.0;
				PRODUCT_BUNDLE_IDENTIFIER = "com.jehanson.GraphMetal-Demo";
				PRODUCT_NAME = "GraphMetal-Demo";
				SDKROOT = macosx;
				SWIFT_EMIT_LOC_STRINGS = YES;
				SWIFT_VERSION = 5.0;
			};
			name = Debug;
		};
		38187E83274D5E3D00244D04 /* Release */ = {
			isa = XCBuildConfiguration;
			buildSettings = {
				ASSETCATALOG_COMPILER_APPICON_NAME = AppIcon;
				ASSETCATALOG_COMPILER_GLOBAL_ACCENT_COLOR_NAME = AccentColor;
				CODE_SIGN_ENTITLEMENTS = macOS/macOS.entitlements;
				CODE_SIGN_STYLE = Automatic;
				COMBINE_HIDPI_IMAGES = YES;
				CURRENT_PROJECT_VERSION = 1;
				DEVELOPMENT_TEAM = VV92S3CB9G;
				ENABLE_HARDENED_RUNTIME = YES;
				ENABLE_PREVIEWS = YES;
				GENERATE_INFOPLIST_FILE = YES;
				INFOPLIST_KEY_NSHumanReadableCopyright = "";
				LD_RUNPATH_SEARCH_PATHS = (
					"$(inherited)",
					"@executable_path/../Frameworks",
				);
				MACOSX_DEPLOYMENT_TARGET = 11.5;
				MARKETING_VERSION = 1.0;
				PRODUCT_BUNDLE_IDENTIFIER = "com.jehanson.GraphMetal-Demo";
				PRODUCT_NAME = "GraphMetal-Demo";
				SDKROOT = macosx;
				SWIFT_EMIT_LOC_STRINGS = YES;
				SWIFT_VERSION = 5.0;
			};
			name = Release;
		};
/* End XCBuildConfiguration section */

/* Begin XCConfigurationList section */
		38187E64274D5E3B00244D04 /* Build configuration list for PBXProject "GraphMetal-Demo" */ = {
			isa = XCConfigurationList;
			buildConfigurations = (
				38187E7C274D5E3D00244D04 /* Debug */,
				38187E7D274D5E3D00244D04 /* Release */,
			);
			defaultConfigurationIsVisible = 0;
			defaultConfigurationName = Release;
		};
		38187E7E274D5E3D00244D04 /* Build configuration list for PBXNativeTarget "GraphMetal-Demo (iOS)" */ = {
			isa = XCConfigurationList;
			buildConfigurations = (
				38187E7F274D5E3D00244D04 /* Debug */,
				38187E80274D5E3D00244D04 /* Release */,
			);
			defaultConfigurationIsVisible = 0;
			defaultConfigurationName = Release;
		};
		38187E81274D5E3D00244D04 /* Build configuration list for PBXNativeTarget "GraphMetal-Demo (macOS)" */ = {
			isa = XCConfigurationList;
			buildConfigurations = (
				38187E82274D5E3D00244D04 /* Debug */,
				38187E83274D5E3D00244D04 /* Release */,
			);
			defaultConfigurationIsVisible = 0;
			defaultConfigurationName = Release;
		};
/* End XCConfigurationList section */

/* Begin XCRemoteSwiftPackageReference section */
		38187E8D274D5ED800244D04 /* XCRemoteSwiftPackageReference "GraphMetal" */ = {
			isa = XCRemoteSwiftPackageReference;
			repositoryURL = "https://github.com/jehansontech/GraphMetal";
			requirement = {
				branch = dev;
				kind = branch;
			};
		};
/* End XCRemoteSwiftPackageReference section */

/* Begin XCSwiftPackageProductDependency section */
		38187E8E274D5ED800244D04 /* GraphMetal */ = {
			isa = XCSwiftPackageProductDependency;
			package = 38187E8D274D5ED800244D04 /* XCRemoteSwiftPackageReference "GraphMetal" */;
			productName = GraphMetal;
		};
		38187E90274D5ED800244D04 /* Shaders */ = {
			isa = XCSwiftPackageProductDependency;
			package = 38187E8D274D5ED800244D04 /* XCRemoteSwiftPackageReference "GraphMetal" */;
			productName = Shaders;
		};
		38187E93274D5EE900244D04 /* GraphMetal */ = {
			isa = XCSwiftPackageProductDependency;
			package = 38187E8D274D5ED800244D04 /* XCRemoteSwiftPackageReference "GraphMetal" */;
			productName = GraphMetal;
		};
		38187E95274D5EE900244D04 /* Shaders */ = {
			isa = XCSwiftPackageProductDependency;
			package = 38187E8D274D5ED800244D04 /* XCRemoteSwiftPackageReference "GraphMetal" */;
			productName = Shaders;
		};
/* End XCSwiftPackageProductDependency section */
	};
	rootObject = 38187E61274D5E3B00244D04 /* Project object */;
}
